
Microsoft Visual Studio Solution File, Format Version 12.00
# Visual Studio Version 17
VisualStudioVersion = 17.0.31903.59
MinimumVisualStudioVersion = 10.0.40219.1
Project("{2150E333-8FDC-42A3-9474-1A3956D46DE8}") = "src", "src", "{98A92913-2A0B-4D20-B66B-6A9B78246424}"
EndProject
Project("{FAE04EC0-301F-11D3-BF4B-00C04F79EFBC}") = "RTM.Api", "server\src\RTM.Api\RTM.Api.csproj", "{222E04B9-4593-40E3-8010-AC1077A092C3}"
EndProject
Project("{2150E333-8FDC-42A3-9474-1A3956D46DE8}") = "tests", "tests", "{8DA07DA4-3787-4F6C-814B-C38D2AE1B058}"
EndProject
Project("{FAE04EC0-301F-11D3-BF4B-00C04F79EFBC}") = "RTM.Tests", "server\tests\RTM.Tests\RTM.Tests.csproj", "{082D47D4-6770-4C78-9485-8A5B3C418A9B}"
EndProject
Project("{FAE04EC0-301F-11D3-BF4B-00C04F79EFBC}") = "RTM.Domain", "server\src\RTM.Domain\RTM.Domain.csproj", "{AD0F3730-D4EE-4E50-8A6A-4F535D3198EC}"
EndProject
Project("{FAE04EC0-301F-11D3-BF4B-00C04F79EFBC}") = "RTM.Application", "server\src\RTM.Application\RTM.Application.csproj", "{05D2E22C-4AC4-48BF-9314-902DDCDB2EC6}"
EndProject
Project("{FAE04EC0-301F-11D3-BF4B-00C04F79EFBC}") = "RTM.Infrastructure", "server\src\RTM.Infrastructure\RTM.Infrastructure.csproj", "{D5F1879C-D6F3-4AA7-8317-B069ED3FD64B}"
EndProject
Global
	GlobalSection(SolutionConfigurationPlatforms) = preSolution
		Debug|Any CPU = Debug|Any CPU
		Release|Any CPU = Release|Any CPU
	EndGlobalSection
	GlobalSection(SolutionProperties) = preSolution
		HideSolutionNode = FALSE
	EndGlobalSection
	GlobalSection(ProjectConfigurationPlatforms) = postSolution
		{222E04B9-4593-40E3-8010-AC1077A092C3}.Debug|Any CPU.ActiveCfg = Debug|Any CPU
		{222E04B9-4593-40E3-8010-AC1077A092C3}.Debug|Any CPU.Build.0 = Debug|Any CPU
		{222E04B9-4593-40E3-8010-AC1077A092C3}.Release|Any CPU.ActiveCfg = Release|Any CPU
		{222E04B9-4593-40E3-8010-AC1077A092C3}.Release|Any CPU.Build.0 = Release|Any CPU
		{082D47D4-6770-4C78-9485-8A5B3C418A9B}.Debug|Any CPU.ActiveCfg = Debug|Any CPU
		{082D47D4-6770-4C78-9485-8A5B3C418A9B}.Debug|Any CPU.Build.0 = Debug|Any CPU
		{082D47D4-6770-4C78-9485-8A5B3C418A9B}.Release|Any CPU.ActiveCfg = Release|Any CPU
		{082D47D4-6770-4C78-9485-8A5B3C418A9B}.Release|Any CPU.Build.0 = Release|Any CPU
		{AD0F3730-D4EE-4E50-8A6A-4F535D3198EC}.Debug|Any CPU.ActiveCfg = Debug|Any CPU
		{AD0F3730-D4EE-4E50-8A6A-4F535D3198EC}.Debug|Any CPU.Build.0 = Debug|Any CPU
		{AD0F3730-D4EE-4E50-8A6A-4F535D3198EC}.Release|Any CPU.ActiveCfg = Release|Any CPU
		{AD0F3730-D4EE-4E50-8A6A-4F535D3198EC}.Release|Any CPU.Build.0 = Release|Any CPU
		{05D2E22C-4AC4-48BF-9314-902DDCDB2EC6}.Debug|Any CPU.ActiveCfg = Debug|Any CPU
		{05D2E22C-4AC4-48BF-9314-902DDCDB2EC6}.Debug|Any CPU.Build.0 = Debug|Any CPU
		{05D2E22C-4AC4-48BF-9314-902DDCDB2EC6}.Release|Any CPU.ActiveCfg = Release|Any CPU
		{05D2E22C-4AC4-48BF-9314-902DDCDB2EC6}.Release|Any CPU.Build.0 = Release|Any CPU
		{D5F1879C-D6F3-4AA7-8317-B069ED3FD64B}.Debug|Any CPU.ActiveCfg = Debug|Any CPU
		{D5F1879C-D6F3-4AA7-8317-B069ED3FD64B}.Debug|Any CPU.Build.0 = Debug|Any CPU
		{D5F1879C-D6F3-4AA7-8317-B069ED3FD64B}.Release|Any CPU.ActiveCfg = Release|Any CPU
		{D5F1879C-D6F3-4AA7-8317-B069ED3FD64B}.Release|Any CPU.Build.0 = Release|Any CPU
	EndGlobalSection
	GlobalSection(NestedProjects) = preSolution
		{222E04B9-4593-40E3-8010-AC1077A092C3} = {98A92913-2A0B-4D20-B66B-6A9B78246424}
		{082D47D4-6770-4C78-9485-8A5B3C418A9B} = {8DA07DA4-3787-4F6C-814B-C38D2AE1B058}
		{AD0F3730-D4EE-4E50-8A6A-4F535D3198EC} = {98A92913-2A0B-4D20-B66B-6A9B78246424}
		{05D2E22C-4AC4-48BF-9314-902DDCDB2EC6} = {98A92913-2A0B-4D20-B66B-6A9B78246424}
		{D5F1879C-D6F3-4AA7-8317-B069ED3FD64B} = {98A92913-2A0B-4D20-B66B-6A9B78246424}
	EndGlobalSection
EndGlobal
